
Microsoft Visual Studio Solution File, Format Version 12.00
# Visual Studio Version 17
VisualStudioVersion = 17.11.35219.272
MinimumVisualStudioVersion = 10.0.40219.1
Project("{FAE04EC0-301F-11D3-BF4B-00C04F79EFBC}") = "BasicOOP", "BasicOOP.csproj", "{91B7542C-EB41-486A-94C6-B60ED2CC8124}"
EndProject
Global
	GlobalSection(SolutionConfigurationPlatforms) = preSolution
		Debug|Any CPU = Debug|Any CPU
		Release|Any CPU = Release|Any CPU
	EndGlobalSection
	GlobalSection(ProjectConfigurationPlatforms) = postSolution
		{91B7542C-EB41-486A-94C6-B60ED2CC8124}.Debug|Any CPU.ActiveCfg = Debug|Any CPU
		{91B7542C-EB41-486A-94C6-B60ED2CC8124}.Debug|Any CPU.Build.0 = Debug|Any CPU
		{91B7542C-EB41-486A-94C6-B60ED2CC8124}.Release|Any CPU.ActiveCfg = Release|Any CPU
		{91B7542C-EB41-486A-94C6-B60ED2CC8124}.Release|Any CPU.Build.0 = Release|Any CPU
	EndGlobalSection
	GlobalSection(SolutionProperties) = preSolution
		HideSolutionNode = FALSE
	EndGlobalSection
	GlobalSection(ExtensibilityGlobals) = postSolution
		SolutionGuid = {7999173B-2CA0-40D7-85D6-EBDB9E724141}
	EndGlobalSection
EndGlobal
